
Microsoft Visual Studio Solution File, Format Version 12.00
# Visual Studio 14
VisualStudioVersion = 14.0.25420.1
MinimumVisualStudioVersion = 10.0.40219.1
Project("{FAE04EC0-301F-11D3-BF4B-00C04F79EFBC}") = "Studnet", "Studnet\Studnet.csproj", "{5DCF212C-0FA6-49F0-AD18-5186FBE9992E}"
EndProject
Project("{FAE04EC0-301F-11D3-BF4B-00C04F79EFBC}") = "Studnet.Tests", "Studnet.Tests\Studnet.Tests.csproj", "{DAAD498B-F20E-40A2-A391-1CF33AFCA1FF}"
EndProject
Global
	GlobalSection(SolutionConfigurationPlatforms) = preSolution
		Debug|Any CPU = Debug|Any CPU
		Release|Any CPU = Release|Any CPU
	EndGlobalSection
	GlobalSection(ProjectConfigurationPlatforms) = postSolution
		{5DCF212C-0FA6-49F0-AD18-5186FBE9992E}.Debug|Any CPU.ActiveCfg = Debug|Any CPU
		{5DCF212C-0FA6-49F0-AD18-5186FBE9992E}.Debug|Any CPU.Build.0 = Debug|Any CPU
		{5DCF212C-0FA6-49F0-AD18-5186FBE9992E}.Release|Any CPU.ActiveCfg = Release|Any CPU
		{5DCF212C-0FA6-49F0-AD18-5186FBE9992E}.Release|Any CPU.Build.0 = Release|Any CPU
		{DAAD498B-F20E-40A2-A391-1CF33AFCA1FF}.Debug|Any CPU.ActiveCfg = Debug|Any CPU
		{DAAD498B-F20E-40A2-A391-1CF33AFCA1FF}.Debug|Any CPU.Build.0 = Debug|Any CPU
		{DAAD498B-F20E-40A2-A391-1CF33AFCA1FF}.Release|Any CPU.ActiveCfg = Release|Any CPU
		{DAAD498B-F20E-40A2-A391-1CF33AFCA1FF}.Release|Any CPU.Build.0 = Release|Any CPU
	EndGlobalSection
	GlobalSection(SolutionProperties) = preSolution
		HideSolutionNode = FALSE
	EndGlobalSection
EndGlobal
